
Microsoft Visual Studio Solution File, Format Version 12.00
# Visual Studio Version 17
VisualStudioVersion = 17.0.31903.59
MinimumVisualStudioVersion = 10.0.40219.1
Project("{FAE04EC0-301F-11D3-BF4B-00C04F79EFBC}") = "DMV.Domain", "DMV.Domain\DMV.Domain.csproj", "{293AC7CC-C3B4-446A-A175-F2FFBCC9401D}"
EndProject
Project("{FAE04EC0-301F-11D3-BF4B-00C04F79EFBC}") = "DMV.Application", "DMV.Application\DMV.Application.csproj", "{327B18CF-26B9-47AB-8AE6-9F1C05559100}"
EndProject
Project("{FAE04EC0-301F-11D3-BF4B-00C04F79EFBC}") = "DMV.Infrastructure", "DMV.Infrastructure\DMV.Infrastructure.csproj", "{833C05EF-A59C-498C-94BF-68E02F4DA766}"
EndProject
Project("{FAE04EC0-301F-11D3-BF4B-00C04F79EFBC}") = "DMV.WebAPI", "DMV.WebAPI\DMV.WebAPI.csproj", "{5D585CDE-04B6-4169-A7FD-6303BA4FCC89}"
EndProject
Global
	GlobalSection(SolutionConfigurationPlatforms) = preSolution
		Debug|Any CPU = Debug|Any CPU
		Debug|x64 = Debug|x64
		Debug|x86 = Debug|x86
		Release|Any CPU = Release|Any CPU
		Release|x64 = Release|x64
		Release|x86 = Release|x86
	EndGlobalSection
	GlobalSection(ProjectConfigurationPlatforms) = postSolution
		{293AC7CC-C3B4-446A-A175-F2FFBCC9401D}.Debug|Any CPU.ActiveCfg = Debug|Any CPU
		{293AC7CC-C3B4-446A-A175-F2FFBCC9401D}.Debug|Any CPU.Build.0 = Debug|Any CPU
		{293AC7CC-C3B4-446A-A175-F2FFBCC9401D}.Debug|x64.ActiveCfg = Debug|Any CPU
		{293AC7CC-C3B4-446A-A175-F2FFBCC9401D}.Debug|x64.Build.0 = Debug|Any CPU
		{293AC7CC-C3B4-446A-A175-F2FFBCC9401D}.Debug|x86.ActiveCfg = Debug|Any CPU
		{293AC7CC-C3B4-446A-A175-F2FFBCC9401D}.Debug|x86.Build.0 = Debug|Any CPU
		{293AC7CC-C3B4-446A-A175-F2FFBCC9401D}.Release|Any CPU.ActiveCfg = Release|Any CPU
		{293AC7CC-C3B4-446A-A175-F2FFBCC9401D}.Release|Any CPU.Build.0 = Release|Any CPU
		{293AC7CC-C3B4-446A-A175-F2FFBCC9401D}.Release|x64.ActiveCfg = Release|Any CPU
		{293AC7CC-C3B4-446A-A175-F2FFBCC9401D}.Release|x64.Build.0 = Release|Any CPU
		{293AC7CC-C3B4-446A-A175-F2FFBCC9401D}.Release|x86.ActiveCfg = Release|Any CPU
		{293AC7CC-C3B4-446A-A175-F2FFBCC9401D}.Release|x86.Build.0 = Release|Any CPU
		{327B18CF-26B9-47AB-8AE6-9F1C05559100}.Debug|Any CPU.ActiveCfg = Debug|Any CPU
		{327B18CF-26B9-47AB-8AE6-9F1C05559100}.Debug|Any CPU.Build.0 = Debug|Any CPU
		{327B18CF-26B9-47AB-8AE6-9F1C05559100}.Debug|x64.ActiveCfg = Debug|Any CPU
		{327B18CF-26B9-47AB-8AE6-9F1C05559100}.Debug|x64.Build.0 = Debug|Any CPU
		{327B18CF-26B9-47AB-8AE6-9F1C05559100}.Debug|x86.ActiveCfg = Debug|Any CPU
		{327B18CF-26B9-47AB-8AE6-9F1C05559100}.Debug|x86.Build.0 = Debug|Any CPU
		{327B18CF-26B9-47AB-8AE6-9F1C05559100}.Release|Any CPU.ActiveCfg = Release|Any CPU
		{327B18CF-26B9-47AB-8AE6-9F1C05559100}.Release|Any CPU.Build.0 = Release|Any CPU
		{327B18CF-26B9-47AB-8AE6-9F1C05559100}.Release|x64.ActiveCfg = Release|Any CPU
		{327B18CF-26B9-47AB-8AE6-9F1C05559100}.Release|x64.Build.0 = Release|Any CPU
		{327B18CF-26B9-47AB-8AE6-9F1C05559100}.Release|x86.ActiveCfg = Release|Any CPU
		{327B18CF-26B9-47AB-8AE6-9F1C05559100}.Release|x86.Build.0 = Release|Any CPU
		{833C05EF-A59C-498C-94BF-68E02F4DA766}.Debug|Any CPU.ActiveCfg = Debug|Any CPU
		{833C05EF-A59C-498C-94BF-68E02F4DA766}.Debug|Any CPU.Build.0 = Debug|Any CPU
		{833C05EF-A59C-498C-94BF-68E02F4DA766}.Debug|x64.ActiveCfg = Debug|Any CPU
		{833C05EF-A59C-498C-94BF-68E02F4DA766}.Debug|x64.Build.0 = Debug|Any CPU
		{833C05EF-A59C-498C-94BF-68E02F4DA766}.Debug|x86.ActiveCfg = Debug|Any CPU
		{833C05EF-A59C-498C-94BF-68E02F4DA766}.Debug|x86.Build.0 = Debug|Any CPU
		{833C05EF-A59C-498C-94BF-68E02F4DA766}.Release|Any CPU.ActiveCfg = Release|Any CPU
		{833C05EF-A59C-498C-94BF-68E02F4DA766}.Release|Any CPU.Build.0 = Release|Any CPU
		{833C05EF-A59C-498C-94BF-68E02F4DA766}.Release|x64.ActiveCfg = Release|Any CPU
		{833C05EF-A59C-498C-94BF-68E02F4DA766}.Release|x64.Build.0 = Release|Any CPU
		{833C05EF-A59C-498C-94BF-68E02F4DA766}.Release|x86.ActiveCfg = Release|Any CPU
		{833C05EF-A59C-498C-94BF-68E02F4DA766}.Release|x86.Build.0 = Release|Any CPU
		{5D585CDE-04B6-4169-A7FD-6303BA4FCC89}.Debug|Any CPU.ActiveCfg = Debug|Any CPU
		{5D585CDE-04B6-4169-A7FD-6303BA4FCC89}.Debug|Any CPU.Build.0 = Debug|Any CPU
		{5D585CDE-04B6-4169-A7FD-6303BA4FCC89}.Debug|x64.ActiveCfg = Debug|Any CPU
		{5D585CDE-04B6-4169-A7FD-6303BA4FCC89}.Debug|x64.Build.0 = Debug|Any CPU
		{5D585CDE-04B6-4169-A7FD-6303BA4FCC89}.Debug|x86.ActiveCfg = Debug|Any CPU
		{5D585CDE-04B6-4169-A7FD-6303BA4FCC89}.Debug|x86.Build.0 = Debug|Any CPU
		{5D585CDE-04B6-4169-A7FD-6303BA4FCC89}.Release|Any CPU.ActiveCfg = Release|Any CPU
		{5D585CDE-04B6-4169-A7FD-6303BA4FCC89}.Release|Any CPU.Build.0 = Release|Any CPU
		{5D585CDE-04B6-4169-A7FD-6303BA4FCC89}.Release|x64.ActiveCfg = Release|Any CPU
		{5D585CDE-04B6-4169-A7FD-6303BA4FCC89}.Release|x64.Build.0 = Release|Any CPU
		{5D585CDE-04B6-4169-A7FD-6303BA4FCC89}.Release|x86.ActiveCfg = Release|Any CPU
		{5D585CDE-04B6-4169-A7FD-6303BA4FCC89}.Release|x86.Build.0 = Release|Any CPU
	EndGlobalSection
	GlobalSection(SolutionProperties) = preSolution
		HideSolutionNode = FALSE
	EndGlobalSection
EndGlobal
